
Microsoft Visual Studio Solution File, Format Version 12.00
# Visual Studio Version 17
VisualStudioVersion = 17.8.34408.163
MinimumVisualStudioVersion = 10.0.40219.1
Project("{FAE04EC0-301F-11D3-BF4B-00C04F79EFBC}") = "Engine_Simulation", "Engine_Simulation\Engine_Simulation.csproj", "{94856EB0-CBE1-44E8-8836-90A5B2302EE7}"
EndProject
Global
	GlobalSection(SolutionConfigurationPlatforms) = preSolution
		Debug|Any CPU = Debug|Any CPU
		Release|Any CPU = Release|Any CPU
	EndGlobalSection
	GlobalSection(ProjectConfigurationPlatforms) = postSolution
		{94856EB0-CBE1-44E8-8836-90A5B2302EE7}.Debug|Any CPU.ActiveCfg = Debug|Any CPU
		{94856EB0-CBE1-44E8-8836-90A5B2302EE7}.Debug|Any CPU.Build.0 = Debug|Any CPU
		{94856EB0-CBE1-44E8-8836-90A5B2302EE7}.Release|Any CPU.ActiveCfg = Release|Any CPU
		{94856EB0-CBE1-44E8-8836-90A5B2302EE7}.Release|Any CPU.Build.0 = Release|Any CPU
	EndGlobalSection
	GlobalSection(SolutionProperties) = preSolution
		HideSolutionNode = FALSE
	EndGlobalSection
	GlobalSection(ExtensibilityGlobals) = postSolution
		SolutionGuid = {5CE18D32-18CF-48D7-8E7B-6E58F6A6FF54}
	EndGlobalSection
EndGlobal
